
Microsoft Visual Studio Solution File, Format Version 12.00
# Visual Studio Version 17
VisualStudioVersion = 17.9.34902.65
MinimumVisualStudioVersion = 10.0.40219.1
Project("{FAE04EC0-301F-11D3-BF4B-00C04F79EFBC}") = "havalimanı.uçuş", "havalimanı.uçuş\havalimanı.uçuş.csproj", "{FD643DCD-BB6C-4B02-A144-2DD12D224245}"
EndProject
Global
	GlobalSection(SolutionConfigurationPlatforms) = preSolution
		Debug|Any CPU = Debug|Any CPU
		Release|Any CPU = Release|Any CPU
	EndGlobalSection
	GlobalSection(ProjectConfigurationPlatforms) = postSolution
		{FD643DCD-BB6C-4B02-A144-2DD12D224245}.Debug|Any CPU.ActiveCfg = Debug|Any CPU
		{FD643DCD-BB6C-4B02-A144-2DD12D224245}.Debug|Any CPU.Build.0 = Debug|Any CPU
		{FD643DCD-BB6C-4B02-A144-2DD12D224245}.Release|Any CPU.ActiveCfg = Release|Any CPU
		{FD643DCD-BB6C-4B02-A144-2DD12D224245}.Release|Any CPU.Build.0 = Release|Any CPU
	EndGlobalSection
	GlobalSection(SolutionProperties) = preSolution
		HideSolutionNode = FALSE
	EndGlobalSection
	GlobalSection(ExtensibilityGlobals) = postSolution
		SolutionGuid = {D09CD449-57AE-4D77-9F30-8EBED3A71299}
	EndGlobalSection
EndGlobal
